
Microsoft Visual Studio Solution File, Format Version 12.00
# Visual Studio Version 16
VisualStudioVersion = 16.0.31702.278
MinimumVisualStudioVersion = 10.0.40219.1
Project("{9A19103F-16F7-4668-BE54-9A1E7A4F7556}") = "MVC_Tutorial_02", "MVC_Tutorial_02\MVC_Tutorial_02.csproj", "{71C14700-769B-4515-875D-EE525B9A7587}"
EndProject
Global
	GlobalSection(SolutionConfigurationPlatforms) = preSolution
		Debug|Any CPU = Debug|Any CPU
		Release|Any CPU = Release|Any CPU
	EndGlobalSection
	GlobalSection(ProjectConfigurationPlatforms) = postSolution
		{71C14700-769B-4515-875D-EE525B9A7587}.Debug|Any CPU.ActiveCfg = Debug|Any CPU
		{71C14700-769B-4515-875D-EE525B9A7587}.Debug|Any CPU.Build.0 = Debug|Any CPU
		{71C14700-769B-4515-875D-EE525B9A7587}.Release|Any CPU.ActiveCfg = Release|Any CPU
		{71C14700-769B-4515-875D-EE525B9A7587}.Release|Any CPU.Build.0 = Release|Any CPU
	EndGlobalSection
	GlobalSection(SolutionProperties) = preSolution
		HideSolutionNode = FALSE
	EndGlobalSection
	GlobalSection(ExtensibilityGlobals) = postSolution
		SolutionGuid = {322C7839-9115-474B-AC24-D2DEBAA63D2C}
	EndGlobalSection
EndGlobal
